
Microsoft Visual Studio Solution File, Format Version 12.00
# Visual Studio Version 17
VisualStudioVersion = 17.10.34916.146
MinimumVisualStudioVersion = 10.0.40219.1
Project("{FAE04EC0-301F-11D3-BF4B-00C04F79EFBC}") = "HotelManagement", "HotelManagement\HotelManagement.csproj", "{2ECE5928-BD01-40E0-AD44-13319956DD75}"
EndProject
Global
	GlobalSection(SolutionConfigurationPlatforms) = preSolution
		Debug|Any CPU = Debug|Any CPU
		Release|Any CPU = Release|Any CPU
	EndGlobalSection
	GlobalSection(ProjectConfigurationPlatforms) = postSolution
		{2ECE5928-BD01-40E0-AD44-13319956DD75}.Debug|Any CPU.ActiveCfg = Debug|Any CPU
		{2ECE5928-BD01-40E0-AD44-13319956DD75}.Debug|Any CPU.Build.0 = Debug|Any CPU
		{2ECE5928-BD01-40E0-AD44-13319956DD75}.Release|Any CPU.ActiveCfg = Release|Any CPU
		{2ECE5928-BD01-40E0-AD44-13319956DD75}.Release|Any CPU.Build.0 = Release|Any CPU
	EndGlobalSection
	GlobalSection(SolutionProperties) = preSolution
		HideSolutionNode = FALSE
	EndGlobalSection
	GlobalSection(ExtensibilityGlobals) = postSolution
		SolutionGuid = {FF682D07-8BCD-4E3A-BC8B-72C2B4A912F1}
	EndGlobalSection
EndGlobal
